{
  "name": "node",
  "version": "1.0.0",
  "lockfileVersion": 3,
  "requires": true,
  "packages": {
    "": {
      "name": "node",
      "version": "1.0.0",
      "license": "ISC",
      "dependencies": {
        "adm-zip": "^0.6.0",
        "archive": "^0.0.2"
      }
    },
    "node_modules/adm-zip": {
      "version": "0.6.0",
      "resolved": "https://registry.npmjs.org/adm-zip/-/adm-zip-0.6.0.tgz",
      "integrity": "sha512-XleryMhbuksdKtofnWZ9Sk+4CUTbms4Mb/EU32SZwToAyZ5RgVos/ki8n+yr0LWHOGKuakbXTuuYNHLQjhddgg==",
      "engines": {
        "node": ">=14.0"
      }
    },
    "node_modules/archive": {
      "version": "0.0.2",
      "resolved": "https://registry.npmjs.org/archive/-/archive-0.0.2.tgz",
      "integrity": "sha512-lAJhOU3QsfdZbg5+GFjOQxQD9g97v7x1YaPaRgurWD3cTSZuCLiSjdXUT8wJK4+NYTuyd6Z6URtaWnfD5Ilggg==",
      "hasInstallScript": true,
      "engines": {
        "node": ">= 0.4.0"
      }
    }
  }
}
